// !$*UTF8*$!
{
	archiveVersion = 1;
	classes = {
	};
	objectVersion = 46;
	objects = {

/* Begin PBXBuildFile section */
		1D3623260D0F684500981E51 /* MGSplitViewAppDelegate.mm in Sources */ = {isa = PBXBuildFile; fileRef = 1D3623250D0F684500981E51 /* MGSplitViewAppDelegate.mm */; };
		1D60589B0D05DD56006BFB54 /* main.m in Sources */ = {isa = PBXBuildFile; fileRef = 29B97316FDCFA39411CA2CEA /* main.m */; };
		1D60589F0D05DD5A006BFB54 /* Foundation.framework in Frameworks */ = {isa = PBXBuildFile; fileRef = 1D30AB110D05D00D00671497 /* Foundation.framework */; };
		1DF5F4E00D08C38300B7A737 /* UIKit.framework in Frameworks */ = {isa = PBXBuildFile; fileRef = 1DF5F4DF0D08C38300B7A737 /* UIKit.framework */; };
		2804200B108E984D000629CD /* RootViewController.mm in Sources */ = {isa = PBXBuildFile; fileRef = 28042008108E984D000629CD /* RootViewController.mm */; };
		2804200C108E984D000629CD /* DetailViewController.mm in Sources */ = {isa = PBXBuildFile; fileRef = 2804200A108E984D000629CD /* DetailViewController.mm */; };
		2804203C108E9BAB000629CD /* DetailView.xib in Resources */ = {isa = PBXBuildFile; fileRef = 2804203B108E9BAB000629CD /* DetailView.xib */; };
		2892E4100DC94CBA00A64D0F /* CoreGraphics.framework in Frameworks */ = {isa = PBXBuildFile; fileRef = 2892E40F0DC94CBA00A64D0F /* CoreGraphics.framework */; };
		28AD73600D9D9599002E5188 /* MainWindow.xib in Resources */ = {isa = PBXBuildFile; fileRef = 28AD735F0D9D9599002E5188 /* MainWindow.xib */; };
		2B25B87913D22BFA00892DD0 /* 10m_geography_marine_polys.shx in Resources */ = {isa = PBXBuildFile; fileRef = 2B25B87313D22BFA00892DD0 /* 10m_geography_marine_polys.shx */; };
		2B25B87A13D22BFA00892DD0 /* 10m_geography_marine_polys.shp in Resources */ = {isa = PBXBuildFile; fileRef = 2B25B87413D22BFA00892DD0 /* 10m_geography_marine_polys.shp */; };
		2B25B87B13D22BFA00892DD0 /* 10m_geography_marine_polys.sbx in Resources */ = {isa = PBXBuildFile; fileRef = 2B25B87513D22BFA00892DD0 /* 10m_geography_marine_polys.sbx */; };
		2B25B87C13D22BFA00892DD0 /* 10m_geography_marine_polys.sbn in Resources */ = {isa = PBXBuildFile; fileRef = 2B25B87613D22BFA00892DD0 /* 10m_geography_marine_polys.sbn */; };
		2B25B87D13D22BFA00892DD0 /* 10m_geography_marine_polys.prj in Resources */ = {isa = PBXBuildFile; fileRef = 2B25B87713D22BFA00892DD0 /* 10m_geography_marine_polys.prj */; };
		2B25B87E13D22BFA00892DD0 /* 10m_geography_marine_polys.dbf in Resources */ = {isa = PBXBuildFile; fileRef = 2B25B87813D22BFA00892DD0 /* 10m_geography_marine_polys.dbf */; };
		2B25B88313D22C0600892DD0 /* 50m_admin_0_countries.shx in Resources */ = {isa = PBXBuildFile; fileRef = 2B25B87F13D22C0600892DD0 /* 50m_admin_0_countries.shx */; };
		2B25B88413D22C0600892DD0 /* 50m_admin_0_countries.shp in Resources */ = {isa = PBXBuildFile; fileRef = 2B25B88013D22C0600892DD0 /* 50m_admin_0_countries.shp */; };
		2B25B88513D22C0600892DD0 /* 50m_admin_0_countries.prj in Resources */ = {isa = PBXBuildFile; fileRef = 2B25B88113D22C0600892DD0 /* 50m_admin_0_countries.prj */; };
		2B25B88613D22C0600892DD0 /* 50m_admin_0_countries.dbf in Resources */ = {isa = PBXBuildFile; fileRef = 2B25B88213D22C0600892DD0 /* 50m_admin_0_countries.dbf */; };
		2B25B8B113D22C3300892DD0 /* big_wtb_info.plist in Resources */ = {isa = PBXBuildFile; fileRef = 2B25B88813D22C3300892DD0 /* big_wtb_info.plist */; };
		2B25B8B213D22C3300892DD0 /* big_wtb_9x3.pvrtc in Resources */ = {isa = PBXBuildFile; fileRef = 2B25B88913D22C3300892DD0 /* big_wtb_9x3.pvrtc */; };
		2B25B8B313D22C3300892DD0 /* big_wtb_9x2.pvrtc in Resources */ = {isa = PBXBuildFile; fileRef = 2B25B88A13D22C3300892DD0 /* big_wtb_9x2.pvrtc */; };
		2B25B8B413D22C3300892DD0 /* big_wtb_9x1.pvrtc in Resources */ = {isa = PBXBuildFile; fileRef = 2B25B88B13D22C3300892DD0 /* big_wtb_9x1.pvrtc */; };
		2B25B8B513D22C3300892DD0 /* big_wtb_9x0.pvrtc in Resources */ = {isa = PBXBuildFile; fileRef = 2B25B88C13D22C3300892DD0 /* big_wtb_9x0.pvrtc */; };
		2B25B8B613D22C3300892DD0 /* big_wtb_8x3.pvrtc in Resources */ = {isa = PBXBuildFile; fileRef = 2B25B88D13D22C3300892DD0 /* big_wtb_8x3.pvrtc */; };
		2B25B8B713D22C3300892DD0 /* big_wtb_8x2.pvrtc in Resources */ = {isa = PBXBuildFile; fileRef = 2B25B88E13D22C3300892DD0 /* big_wtb_8x2.pvrtc */; };
		2B25B8B813D22C3300892DD0 /* big_wtb_8x1.pvrtc in Resources */ = {isa = PBXBuildFile; fileRef = 2B25B88F13D22C3300892DD0 /* big_wtb_8x1.pvrtc */; };
		2B25B8B913D22C3300892DD0 /* big_wtb_8x0.pvrtc in Resources */ = {isa = PBXBuildFile; fileRef = 2B25B89013D22C3300892DD0 /* big_wtb_8x0.pvrtc */; };
		2B25B8BA13D22C3300892DD0 /* big_wtb_7x3.pvrtc in Resources */ = {isa = PBXBuildFile; fileRef = 2B25B89113D22C3300892DD0 /* big_wtb_7x3.pvrtc */; };
		2B25B8BB13D22C3300892DD0 /* big_wtb_7x2.pvrtc in Resources */ = {isa = PBXBuildFile; fileRef = 2B25B89213D22C3300892DD0 /* big_wtb_7x2.pvrtc */; };
		2B25B8BC13D22C3300892DD0 /* big_wtb_7x1.pvrtc in Resources */ = {isa = PBXBuildFile; fileRef = 2B25B89313D22C3300892DD0 /* big_wtb_7x1.pvrtc */; };
		2B25B8BD13D22C3300892DD0 /* big_wtb_7x0.pvrtc in Resources */ = {isa = PBXBuildFile; fileRef = 2B25B89413D22C3300892DD0 /* big_wtb_7x0.pvrtc */; };
		2B25B8BE13D22C3300892DD0 /* big_wtb_6x3.pvrtc in Resources */ = {isa = PBXBuildFile; fileRef = 2B25B89513D22C3300892DD0 /* big_wtb_6x3.pvrtc */; };
		2B25B8BF13D22C3300892DD0 /* big_wtb_6x2.pvrtc in Resources */ = {isa = PBXBuildFile; fileRef = 2B25B89613D22C3300892DD0 /* big_wtb_6x2.pvrtc */; };
		2B25B8C013D22C3300892DD0 /* big_wtb_6x1.pvrtc in Resources */ = {isa = PBXBuildFile; fileRef = 2B25B89713D22C3300892DD0 /* big_wtb_6x1.pvrtc */; };
		2B25B8C113D22C3300892DD0 /* big_wtb_6x0.pvrtc in Resources */ = {isa = PBXBuildFile; fileRef = 2B25B89813D22C3300892DD0 /* big_wtb_6x0.pvrtc */; };
		2B25B8C213D22C3300892DD0 /* big_wtb_5x3.pvrtc in Resources */ = {isa = PBXBuildFile; fileRef = 2B25B89913D22C3300892DD0 /* big_wtb_5x3.pvrtc */; };
		2B25B8C313D22C3300892DD0 /* big_wtb_5x2.pvrtc in Resources */ = {isa = PBXBuildFile; fileRef = 2B25B89A13D22C3300892DD0 /* big_wtb_5x2.pvrtc */; };
		2B25B8C413D22C3300892DD0 /* big_wtb_5x1.pvrtc in Resources */ = {isa = PBXBuildFile; fileRef = 2B25B89B13D22C3300892DD0 /* big_wtb_5x1.pvrtc */; };
		2B25B8C513D22C3300892DD0 /* big_wtb_5x0.pvrtc in Resources */ = {isa = PBXBuildFile; fileRef = 2B25B89C13D22C3300892DD0 /* big_wtb_5x0.pvrtc */; };
		2B25B8C613D22C3300892DD0 /* big_wtb_4x3.pvrtc in Resources */ = {isa = PBXBuildFile; fileRef = 2B25B89D13D22C3300892DD0 /* big_wtb_4x3.pvrtc */; };
		2B25B8C713D22C3300892DD0 /* big_wtb_4x2.pvrtc in Resources */ = {isa = PBXBuildFile; fileRef = 2B25B89E13D22C3300892DD0 /* big_wtb_4x2.pvrtc */; };
		2B25B8C813D22C3300892DD0 /* big_wtb_4x1.pvrtc in Resources */ = {isa = PBXBuildFile; fileRef = 2B25B89F13D22C3300892DD0 /* big_wtb_4x1.pvrtc */; };
		2B25B8C913D22C3300892DD0 /* big_wtb_4x0.pvrtc in Resources */ = {isa = PBXBuildFile; fileRef = 2B25B8A013D22C3300892DD0 /* big_wtb_4x0.pvrtc */; };
		2B25B8CA13D22C3300892DD0 /* big_wtb_3x3.pvrtc in Resources */ = {isa = PBXBuildFile; fileRef = 2B25B8A113D22C3300892DD0 /* big_wtb_3x3.pvrtc */; };
		2B25B8CB13D22C3300892DD0 /* big_wtb_3x2.pvrtc in Resources */ = {isa = PBXBuildFile; fileRef = 2B25B8A213D22C3300892DD0 /* big_wtb_3x2.pvrtc */; };
		2B25B8CC13D22C3300892DD0 /* big_wtb_3x1.pvrtc in Resources */ = {isa = PBXBuildFile; fileRef = 2B25B8A313D22C3300892DD0 /* big_wtb_3x1.pvrtc */; };
		2B25B8CD13D22C3300892DD0 /* big_wtb_3x0.pvrtc in Resources */ = {isa = PBXBuildFile; fileRef = 2B25B8A413D22C3300892DD0 /* big_wtb_3x0.pvrtc */; };
		2B25B8CE13D22C3300892DD0 /* big_wtb_2x3.pvrtc in Resources */ = {isa = PBXBuildFile; fileRef = 2B25B8A513D22C3300892DD0 /* big_wtb_2x3.pvrtc */; };
		2B25B8CF13D22C3300892DD0 /* big_wtb_2x2.pvrtc in Resources */ = {isa = PBXBuildFile; fileRef = 2B25B8A613D22C3300892DD0 /* big_wtb_2x2.pvrtc */; };
		2B25B8D013D22C3300892DD0 /* big_wtb_2x1.pvrtc in Resources */ = {isa = PBXBuildFile; fileRef = 2B25B8A713D22C3300892DD0 /* big_wtb_2x1.pvrtc */; };
		2B25B8D113D22C3300892DD0 /* big_wtb_2x0.pvrtc in Resources */ = {isa = PBXBuildFile; fileRef = 2B25B8A813D22C3300892DD0 /* big_wtb_2x0.pvrtc */; };
		2B25B8D213D22C3300892DD0 /* big_wtb_1x3.pvrtc in Resources */ = {isa = PBXBuildFile; fileRef = 2B25B8A913D22C3300892DD0 /* big_wtb_1x3.pvrtc */; };
		2B25B8D313D22C3300892DD0 /* big_wtb_1x2.pvrtc in Resources */ = {isa = PBXBuildFile; fileRef = 2B25B8AA13D22C3300892DD0 /* big_wtb_1x2.pvrtc */; };
		2B25B8D413D22C3300892DD0 /* big_wtb_1x1.pvrtc in Resources */ = {isa = PBXBuildFile; fileRef = 2B25B8AB13D22C3300892DD0 /* big_wtb_1x1.pvrtc */; };
		2B25B8D513D22C3300892DD0 /* big_wtb_1x0.pvrtc in Resources */ = {isa = PBXBuildFile; fileRef = 2B25B8AC13D22C3300892DD0 /* big_wtb_1x0.pvrtc */; };
		2B25B8D613D22C3300892DD0 /* big_wtb_0x3.pvrtc in Resources */ = {isa = PBXBuildFile; fileRef = 2B25B8AD13D22C3300892DD0 /* big_wtb_0x3.pvrtc */; };
		2B25B8D713D22C3300892DD0 /* big_wtb_0x2.pvrtc in Resources */ = {isa = PBXBuildFile; fileRef = 2B25B8AE13D22C3300892DD0 /* big_wtb_0x2.pvrtc */; };
		2B25B8D813D22C3300892DD0 /* big_wtb_0x1.pvrtc in Resources */ = {isa = PBXBuildFile; fileRef = 2B25B8AF13D22C3300892DD0 /* big_wtb_0x1.pvrtc */; };
		2B25B8D913D22C3300892DD0 /* big_wtb_0x0.pvrtc in Resources */ = {isa = PBXBuildFile; fileRef = 2B25B8B013D22C3300892DD0 /* big_wtb_0x0.pvrtc */; };
		2B25B8DE13D2301200892DD0 /* PanDelegateFixed.mm in Sources */ = {isa = PBXBuildFile; fileRef = 2B25B8DA13D2301200892DD0 /* PanDelegateFixed.mm */; };
		2B25B8DF13D2301200892DD0 /* InteractionLayer.mm in Sources */ = {isa = PBXBuildFile; fileRef = 2B25B8DC13D2301200892DD0 /* InteractionLayer.mm */; };
		2B25B8E113D2313500892DD0 /* OpenGLES.framework in Frameworks */ = {isa = PBXBuildFile; fileRef = 2B25B8E013D2313500892DD0 /* OpenGLES.framework */; };
		2B25B8E313D2314900892DD0 /* libsqlite3.0.dylib in Frameworks */ = {isa = PBXBuildFile; fileRef = 2B25B8E213D2314900892DD0 /* libsqlite3.0.dylib */; };
		2B25B8E513D2315700892DD0 /* QuartzCore.framework in Frameworks */ = {isa = PBXBuildFile; fileRef = 2B25B8E413D2315700892DD0 /* QuartzCore.framework */; };
		C98573721200823C001B5F94 /* MGSplitCornersView.m in Sources */ = {isa = PBXBuildFile; fileRef = C98573711200823C001B5F94 /* MGSplitCornersView.m */; };
		C9CDF7A111FDA7310016C1C5 /* MGSplitViewController.m in Sources */ = {isa = PBXBuildFile; fileRef = C9CDF7A011FDA7310016C1C5 /* MGSplitViewController.m */; };
		C9CDF83C11FDD8000016C1C5 /* MGSplitDividerView.m in Sources */ = {isa = PBXBuildFile; fileRef = C9CDF83B11FDD8000016C1C5 /* MGSplitDividerView.m */; };
/* End PBXBuildFile section */

/* Begin PBXFileReference section */
		1D30AB110D05D00D00671497 /* Foundation.framework */ = {isa = PBXFileReference; lastKnownFileType = wrapper.framework; name = Foundation.framework; path = System/Library/Frameworks/Foundation.framework; sourceTree = SDKROOT; };
		1D3623240D0F684500981E51 /* MGSplitViewAppDelegate.h */ = {isa = PBXFileReference; fileEncoding = 4; lastKnownFileType = sourcecode.c.h; path = MGSplitViewAppDelegate.h; sourceTree = "<group>"; };
		1D3623250D0F684500981E51 /* MGSplitViewAppDelegate.mm */ = {isa = PBXFileReference; fileEncoding = 4; lastKnownFileType = sourcecode.cpp.objcpp; path = MGSplitViewAppDelegate.mm; sourceTree = "<group>"; };
		1D6058910D05DD3D006BFB54 /* MGSplitView.app */ = {isa = PBXFileReference; explicitFileType = wrapper.application; includeInIndex = 0; path = MGSplitView.app; sourceTree = BUILT_PRODUCTS_DIR; };
		1DF5F4DF0D08C38300B7A737 /* UIKit.framework */ = {isa = PBXFileReference; lastKnownFileType = wrapper.framework; name = UIKit.framework; path = System/Library/Frameworks/UIKit.framework; sourceTree = SDKROOT; };
		28042007108E984D000629CD /* RootViewController.h */ = {isa = PBXFileReference; fileEncoding = 4; lastKnownFileType = sourcecode.c.h; path = RootViewController.h; sourceTree = "<group>"; };
		28042008108E984D000629CD /* RootViewController.mm */ = {isa = PBXFileReference; fileEncoding = 4; lastKnownFileType = sourcecode.cpp.objcpp; path = RootViewController.mm; sourceTree = "<group>"; };
		28042009108E984D000629CD /* DetailViewController.h */ = {isa = PBXFileReference; fileEncoding = 4; lastKnownFileType = sourcecode.c.h; path = DetailViewController.h; sourceTree = "<group>"; };
		2804200A108E984D000629CD /* DetailViewController.mm */ = {isa = PBXFileReference; fileEncoding = 4; lastKnownFileType = sourcecode.cpp.objcpp; path = DetailViewController.mm; sourceTree = "<group>"; };
		2804203B108E9BAB000629CD /* DetailView.xib */ = {isa = PBXFileReference; lastKnownFileType = file.xib; path = DetailView.xib; sourceTree = "<group>"; };
		2892E40F0DC94CBA00A64D0F /* CoreGraphics.framework */ = {isa = PBXFileReference; lastKnownFileType = wrapper.framework; name = CoreGraphics.framework; path = System/Library/Frameworks/CoreGraphics.framework; sourceTree = SDKROOT; };
		28A0AAE50D9B0CCF005BE974 /* MGSplitView_Prefix.pch */ = {isa = PBXFileReference; fileEncoding = 4; lastKnownFileType = sourcecode.c.h; path = MGSplitView_Prefix.pch; sourceTree = "<group>"; };
		28AD735F0D9D9599002E5188 /* MainWindow.xib */ = {isa = PBXFileReference; lastKnownFileType = file.xib; path = MainWindow.xib; sourceTree = "<group>"; };
		29B97316FDCFA39411CA2CEA /* main.m */ = {isa = PBXFileReference; fileEncoding = 4; lastKnownFileType = sourcecode.c.objc; path = main.m; sourceTree = "<group>"; };
		2B25B87313D22BFA00892DD0 /* 10m_geography_marine_polys.shx */ = {isa = PBXFileReference; lastKnownFileType = file; name = 10m_geography_marine_polys.shx; path = resources/shapefiles/10m_geography_marine_polys/10m_geography_marine_polys.shx; sourceTree = "<group>"; };
		2B25B87413D22BFA00892DD0 /* 10m_geography_marine_polys.shp */ = {isa = PBXFileReference; lastKnownFileType = file; name = 10m_geography_marine_polys.shp; path = resources/shapefiles/10m_geography_marine_polys/10m_geography_marine_polys.shp; sourceTree = "<group>"; };
		2B25B87513D22BFA00892DD0 /* 10m_geography_marine_polys.sbx */ = {isa = PBXFileReference; lastKnownFileType = file; name = 10m_geography_marine_polys.sbx; path = resources/shapefiles/10m_geography_marine_polys/10m_geography_marine_polys.sbx; sourceTree = "<group>"; };
		2B25B87613D22BFA00892DD0 /* 10m_geography_marine_polys.sbn */ = {isa = PBXFileReference; lastKnownFileType = file; name = 10m_geography_marine_polys.sbn; path = resources/shapefiles/10m_geography_marine_polys/10m_geography_marine_polys.sbn; sourceTree = "<group>"; };
		2B25B87713D22BFA00892DD0 /* 10m_geography_marine_polys.prj */ = {isa = PBXFileReference; fileEncoding = 4; lastKnownFileType = text; name = 10m_geography_marine_polys.prj; path = resources/shapefiles/10m_geography_marine_polys/10m_geography_marine_polys.prj; sourceTree = "<group>"; };
		2B25B87813D22BFA00892DD0 /* 10m_geography_marine_polys.dbf */ = {isa = PBXFileReference; lastKnownFileType = file; name = 10m_geography_marine_polys.dbf; path = resources/shapefiles/10m_geography_marine_polys/10m_geography_marine_polys.dbf; sourceTree = "<group>"; };
		2B25B87F13D22C0600892DD0 /* 50m_admin_0_countries.shx */ = {isa = PBXFileReference; lastKnownFileType = file; name = 50m_admin_0_countries.shx; path = "resources/shapefiles/50m-admin-0-countries/50m_admin_0_countries.shx"; sourceTree = "<group>"; };
		2B25B88013D22C0600892DD0 /* 50m_admin_0_countries.shp */ = {isa = PBXFileReference; lastKnownFileType = file; name = 50m_admin_0_countries.shp; path = "resources/shapefiles/50m-admin-0-countries/50m_admin_0_countries.shp"; sourceTree = "<group>"; };
		2B25B88113D22C0600892DD0 /* 50m_admin_0_countries.prj */ = {isa = PBXFileReference; fileEncoding = 4; lastKnownFileType = text; name = 50m_admin_0_countries.prj; path = "resources/shapefiles/50m-admin-0-countries/50m_admin_0_countries.prj"; sourceTree = "<group>"; };
		2B25B88213D22C0600892DD0 /* 50m_admin_0_countries.dbf */ = {isa = PBXFileReference; lastKnownFileType = file; name = 50m_admin_0_countries.dbf; path = "resources/shapefiles/50m-admin-0-countries/50m_admin_0_countries.dbf"; sourceTree = "<group>"; };
		2B25B88813D22C3300892DD0 /* big_wtb_info.plist */ = {isa = PBXFileReference; fileEncoding = 4; lastKnownFileType = text.plist.xml; name = big_wtb_info.plist; path = resources/big_wtb/big_wtb_info.plist; sourceTree = "<group>"; };
		2B25B88913D22C3300892DD0 /* big_wtb_9x3.pvrtc */ = {isa = PBXFileReference; lastKnownFileType = file; name = big_wtb_9x3.pvrtc; path = resources/big_wtb/big_wtb_9x3.pvrtc; sourceTree = "<group>"; };
		2B25B88A13D22C3300892DD0 /* big_wtb_9x2.pvrtc */ = {isa = PBXFileReference; lastKnownFileType = file; name = big_wtb_9x2.pvrtc; path = resources/big_wtb/big_wtb_9x2.pvrtc; sourceTree = "<group>"; };
		2B25B88B13D22C3300892DD0 /* big_wtb_9x1.pvrtc */ = {isa = PBXFileReference; lastKnownFileType = file; name = big_wtb_9x1.pvrtc; path = resources/big_wtb/big_wtb_9x1.pvrtc; sourceTree = "<group>"; };
		2B25B88C13D22C3300892DD0 /* big_wtb_9x0.pvrtc */ = {isa = PBXFileReference; lastKnownFileType = file; name = big_wtb_9x0.pvrtc; path = resources/big_wtb/big_wtb_9x0.pvrtc; sourceTree = "<group>"; };
		2B25B88D13D22C3300892DD0 /* big_wtb_8x3.pvrtc */ = {isa = PBXFileReference; lastKnownFileType = file; name = big_wtb_8x3.pvrtc; path = resources/big_wtb/big_wtb_8x3.pvrtc; sourceTree = "<group>"; };
		2B25B88E13D22C3300892DD0 /* big_wtb_8x2.pvrtc */ = {isa = PBXFileReference; lastKnownFileType = file; name = big_wtb_8x2.pvrtc; path = resources/big_wtb/big_wtb_8x2.pvrtc; sourceTree = "<group>"; };
		2B25B88F13D22C3300892DD0 /* big_wtb_8x1.pvrtc */ = {isa = PBXFileReference; lastKnownFileType = file; name = big_wtb_8x1.pvrtc; path = resources/big_wtb/big_wtb_8x1.pvrtc; sourceTree = "<group>"; };
		2B25B89013D22C3300892DD0 /* big_wtb_8x0.pvrtc */ = {isa = PBXFileReference; lastKnownFileType = file; name = big_wtb_8x0.pvrtc; path = resources/big_wtb/big_wtb_8x0.pvrtc; sourceTree = "<group>"; };
		2B25B89113D22C3300892DD0 /* big_wtb_7x3.pvrtc */ = {isa = PBXFileReference; lastKnownFileType = file; name = big_wtb_7x3.pvrtc; path = resources/big_wtb/big_wtb_7x3.pvrtc; sourceTree = "<group>"; };
		2B25B89213D22C3300892DD0 /* big_wtb_7x2.pvrtc */ = {isa = PBXFileReference; lastKnownFileType = file; name = big_wtb_7x2.pvrtc; path = resources/big_wtb/big_wtb_7x2.pvrtc; sourceTree = "<group>"; };
		2B25B89313D22C3300892DD0 /* big_wtb_7x1.pvrtc */ = {isa = PBXFileReference; lastKnownFileType = file; name = big_wtb_7x1.pvrtc; path = resources/big_wtb/big_wtb_7x1.pvrtc; sourceTree = "<group>"; };
		2B25B89413D22C3300892DD0 /* big_wtb_7x0.pvrtc */ = {isa = PBXFileReference; lastKnownFileType = file; name = big_wtb_7x0.pvrtc; path = resources/big_wtb/big_wtb_7x0.pvrtc; sourceTree = "<group>"; };
		2B25B89513D22C3300892DD0 /* big_wtb_6x3.pvrtc */ = {isa = PBXFileReference; lastKnownFileType = file; name = big_wtb_6x3.pvrtc; path = resources/big_wtb/big_wtb_6x3.pvrtc; sourceTree = "<group>"; };
		2B25B89613D22C3300892DD0 /* big_wtb_6x2.pvrtc */ = {isa = PBXFileReference; lastKnownFileType = file; name = big_wtb_6x2.pvrtc; path = resources/big_wtb/big_wtb_6x2.pvrtc; sourceTree = "<group>"; };
		2B25B89713D22C3300892DD0 /* big_wtb_6x1.pvrtc */ = {isa = PBXFileReference; lastKnownFileType = file; name = big_wtb_6x1.pvrtc; path = resources/big_wtb/big_wtb_6x1.pvrtc; sourceTree = "<group>"; };
		2B25B89813D22C3300892DD0 /* big_wtb_6x0.pvrtc */ = {isa = PBXFileReference; lastKnownFileType = file; name = big_wtb_6x0.pvrtc; path = resources/big_wtb/big_wtb_6x0.pvrtc; sourceTree = "<group>"; };
		2B25B89913D22C3300892DD0 /* big_wtb_5x3.pvrtc */ = {isa = PBXFileReference; lastKnownFileType = file; name = big_wtb_5x3.pvrtc; path = resources/big_wtb/big_wtb_5x3.pvrtc; sourceTree = "<group>"; };
		2B25B89A13D22C3300892DD0 /* big_wtb_5x2.pvrtc */ = {isa = PBXFileReference; lastKnownFileType = file; name = big_wtb_5x2.pvrtc; path = resources/big_wtb/big_wtb_5x2.pvrtc; sourceTree = "<group>"; };
		2B25B89B13D22C3300892DD0 /* big_wtb_5x1.pvrtc */ = {isa = PBXFileReference; lastKnownFileType = file; name = big_wtb_5x1.pvrtc; path = resources/big_wtb/big_wtb_5x1.pvrtc; sourceTree = "<group>"; };
		2B25B89C13D22C3300892DD0 /* big_wtb_5x0.pvrtc */ = {isa = PBXFileReference; lastKnownFileType = file; name = big_wtb_5x0.pvrtc; path = resources/big_wtb/big_wtb_5x0.pvrtc; sourceTree = "<group>"; };
		2B25B89D13D22C3300892DD0 /* big_wtb_4x3.pvrtc */ = {isa = PBXFileReference; lastKnownFileType = file; name = big_wtb_4x3.pvrtc; path = resources/big_wtb/big_wtb_4x3.pvrtc; sourceTree = "<group>"; };
		2B25B89E13D22C3300892DD0 /* big_wtb_4x2.pvrtc */ = {isa = PBXFileReference; lastKnownFileType = file; name = big_wtb_4x2.pvrtc; path = resources/big_wtb/big_wtb_4x2.pvrtc; sourceTree = "<group>"; };
		2B25B89F13D22C3300892DD0 /* big_wtb_4x1.pvrtc */ = {isa = PBXFileReference; lastKnownFileType = file; name = big_wtb_4x1.pvrtc; path = resources/big_wtb/big_wtb_4x1.pvrtc; sourceTree = "<group>"; };
		2B25B8A013D22C3300892DD0 /* big_wtb_4x0.pvrtc */ = {isa = PBXFileReference; lastKnownFileType = file; name = big_wtb_4x0.pvrtc; path = resources/big_wtb/big_wtb_4x0.pvrtc; sourceTree = "<group>"; };
		2B25B8A113D22C3300892DD0 /* big_wtb_3x3.pvrtc */ = {isa = PBXFileReference; lastKnownFileType = file; name = big_wtb_3x3.pvrtc; path = resources/big_wtb/big_wtb_3x3.pvrtc; sourceTree = "<group>"; };
		2B25B8A213D22C3300892DD0 /* big_wtb_3x2.pvrtc */ = {isa = PBXFileReference; lastKnownFileType = file; name = big_wtb_3x2.pvrtc; path = resources/big_wtb/big_wtb_3x2.pvrtc; sourceTree = "<group>"; };
		2B25B8A313D22C3300892DD0 /* big_wtb_3x1.pvrtc */ = {isa = PBXFileReference; lastKnownFileType = file; name = big_wtb_3x1.pvrtc; path = resources/big_wtb/big_wtb_3x1.pvrtc; sourceTree = "<group>"; };
		2B25B8A413D22C3300892DD0 /* big_wtb_3x0.pvrtc */ = {isa = PBXFileReference; lastKnownFileType = file; name = big_wtb_3x0.pvrtc; path = resources/big_wtb/big_wtb_3x0.pvrtc; sourceTree = "<group>"; };
		2B25B8A513D22C3300892DD0 /* big_wtb_2x3.pvrtc */ = {isa = PBXFileReference; lastKnownFileType = file; name = big_wtb_2x3.pvrtc; path = resources/big_wtb/big_wtb_2x3.pvrtc; sourceTree = "<group>"; };
		2B25B8A613D22C3300892DD0 /* big_wtb_2x2.pvrtc */ = {isa = PBXFileReference; lastKnownFileType = file; name = big_wtb_2x2.pvrtc; path = resources/big_wtb/big_wtb_2x2.pvrtc; sourceTree = "<group>"; };
		2B25B8A713D22C3300892DD0 /* big_wtb_2x1.pvrtc */ = {isa = PBXFileReference; lastKnownFileType = file; name = big_wtb_2x1.pvrtc; path = resources/big_wtb/big_wtb_2x1.pvrtc; sourceTree = "<group>"; };
		2B25B8A813D22C3300892DD0 /* big_wtb_2x0.pvrtc */ = {isa = PBXFileReference; lastKnownFileType = file; name = big_wtb_2x0.pvrtc; path = resources/big_wtb/big_wtb_2x0.pvrtc; sourceTree = "<group>"; };
		2B25B8A913D22C3300892DD0 /* big_wtb_1x3.pvrtc */ = {isa = PBXFileReference; lastKnownFileType = file; name = big_wtb_1x3.pvrtc; path = resources/big_wtb/big_wtb_1x3.pvrtc; sourceTree = "<group>"; };
		2B25B8AA13D22C3300892DD0 /* big_wtb_1x2.pvrtc */ = {isa = PBXFileReference; lastKnownFileType = file; name = big_wtb_1x2.pvrtc; path = resources/big_wtb/big_wtb_1x2.pvrtc; sourceTree = "<group>"; };
		2B25B8AB13D22C3300892DD0 /* big_wtb_1x1.pvrtc */ = {isa = PBXFileReference; lastKnownFileType = file; name = big_wtb_1x1.pvrtc; path = resources/big_wtb/big_wtb_1x1.pvrtc; sourceTree = "<group>"; };
		2B25B8AC13D22C3300892DD0 /* big_wtb_1x0.pvrtc */ = {isa = PBXFileReference; lastKnownFileType = file; name = big_wtb_1x0.pvrtc; path = resources/big_wtb/big_wtb_1x0.pvrtc; sourceTree = "<group>"; };
		2B25B8AD13D22C3300892DD0 /* big_wtb_0x3.pvrtc */ = {isa = PBXFileReference; lastKnownFileType = file; name = big_wtb_0x3.pvrtc; path = resources/big_wtb/big_wtb_0x3.pvrtc; sourceTree = "<group>"; };
		2B25B8AE13D22C3300892DD0 /* big_wtb_0x2.pvrtc */ = {isa = PBXFileReference; lastKnownFileType = file; name = big_wtb_0x2.pvrtc; path = resources/big_wtb/big_wtb_0x2.pvrtc; sourceTree = "<group>"; };
		2B25B8AF13D22C3300892DD0 /* big_wtb_0x1.pvrtc */ = {isa = PBXFileReference; fileEncoding = 4; lastKnownFileType = text; name = big_wtb_0x1.pvrtc; path = resources/big_wtb/big_wtb_0x1.pvrtc; sourceTree = "<group>"; };
		2B25B8B013D22C3300892DD0 /* big_wtb_0x0.pvrtc */ = {isa = PBXFileReference; lastKnownFileType = file; name = big_wtb_0x0.pvrtc; path = resources/big_wtb/big_wtb_0x0.pvrtc; sourceTree = "<group>"; };
		2B25B8DA13D2301200892DD0 /* PanDelegateFixed.mm */ = {isa = PBXFileReference; fileEncoding = 4; lastKnownFileType = sourcecode.cpp.objcpp; path = PanDelegateFixed.mm; sourceTree = "<group>"; };
		2B25B8DB13D2301200892DD0 /* PanDelegateFixed.h */ = {isa = PBXFileReference; fileEncoding = 4; lastKnownFileType = sourcecode.c.h; path = PanDelegateFixed.h; sourceTree = "<group>"; };
		2B25B8DC13D2301200892DD0 /* InteractionLayer.mm */ = {isa = PBXFileReference; fileEncoding = 4; lastKnownFileType = sourcecode.cpp.objcpp; path = InteractionLayer.mm; sourceTree = "<group>"; };
		2B25B8DD13D2301200892DD0 /* InteractionLayer.h */ = {isa = PBXFileReference; fileEncoding = 4; lastKnownFileType = sourcecode.c.h; path = InteractionLayer.h; sourceTree = "<group>"; };
		2B25B8E013D2313500892DD0 /* OpenGLES.framework */ = {isa = PBXFileReference; lastKnownFileType = wrapper.framework; name = OpenGLES.framework; path = System/Library/Frameworks/OpenGLES.framework; sourceTree = SDKROOT; };
		2B25B8E213D2314900892DD0 /* libsqlite3.0.dylib */ = {isa = PBXFileReference; lastKnownFileType = "compiled.mach-o.dylib"; name = libsqlite3.0.dylib; path = usr/lib/libsqlite3.0.dylib; sourceTree = SDKROOT; };
		2B25B8E413D2315700892DD0 /* QuartzCore.framework */ = {isa = PBXFileReference; lastKnownFileType = wrapper.framework; name = QuartzCore.framework; path = System/Library/Frameworks/QuartzCore.framework; sourceTree = SDKROOT; };
		8D1107310486CEB800E47090 /* MGSplitView-Info.plist */ = {isa = PBXFileReference; fileEncoding = 4; lastKnownFileType = text.plist.xml; path = "MGSplitView-Info.plist"; plistStructureDefinitionIdentifier = "com.apple.xcode.plist.structure-definition.iphone.info-plist"; sourceTree = "<group>"; };
		C98573701200823C001B5F94 /* MGSplitCornersView.h */ = {isa = PBXFileReference; fileEncoding = 4; lastKnownFileType = sourcecode.c.h; path = MGSplitCornersView.h; sourceTree = "<group>"; };
		C98573711200823C001B5F94 /* MGSplitCornersView.m */ = {isa = PBXFileReference; fileEncoding = 4; lastKnownFileType = sourcecode.c.objc; path = MGSplitCornersView.m; sourceTree = "<group>"; };
		C9CDF79F11FDA7310016C1C5 /* MGSplitViewController.h */ = {isa = PBXFileReference; fileEncoding = 4; lastKnownFileType = sourcecode.c.h; path = MGSplitViewController.h; sourceTree = "<group>"; };
		C9CDF7A011FDA7310016C1C5 /* MGSplitViewController.m */ = {isa = PBXFileReference; fileEncoding = 4; lastKnownFileType = sourcecode.c.objc; path = MGSplitViewController.m; sourceTree = "<group>"; };
		C9CDF7A211FDA7890016C1C5 /* README.markdown */ = {isa = PBXFileReference; fileEncoding = 4; lastKnownFileType = text; path = README.markdown; sourceTree = "<group>"; };
		C9CDF7A311FDA7890016C1C5 /* Source Code License.rtf */ = {isa = PBXFileReference; lastKnownFileType = text.rtf; path = "Source Code License.rtf"; sourceTree = "<group>"; };
		C9CDF83A11FDD8000016C1C5 /* MGSplitDividerView.h */ = {isa = PBXFileReference; fileEncoding = 4; lastKnownFileType = sourcecode.c.h; path = MGSplitDividerView.h; sourceTree = "<group>"; };
		C9CDF83B11FDD8000016C1C5 /* MGSplitDividerView.m */ = {isa = PBXFileReference; fileEncoding = 4; lastKnownFileType = sourcecode.c.objc; path = MGSplitDividerView.m; sourceTree = "<group>"; };
		C9CDF92211FE27DE0016C1C5 /* TODO.markdown */ = {isa = PBXFileReference; fileEncoding = 4; lastKnownFileType = text; path = TODO.markdown; sourceTree = "<group>"; };
/* End PBXFileReference section */

/* Begin PBXFrameworksBuildPhase section */
		1D60588F0D05DD3D006BFB54 /* Frameworks */ = {
			isa = PBXFrameworksBuildPhase;
			buildActionMask = 2147483647;
			files = (
				2B25B8E513D2315700892DD0 /* QuartzCore.framework in Frameworks */,
				2B25B8E313D2314900892DD0 /* libsqlite3.0.dylib in Frameworks */,
				2B25B8E113D2313500892DD0 /* OpenGLES.framework in Frameworks */,
				1D60589F0D05DD5A006BFB54 /* Foundation.framework in Frameworks */,
				1DF5F4E00D08C38300B7A737 /* UIKit.framework in Frameworks */,
				2892E4100DC94CBA00A64D0F /* CoreGraphics.framework in Frameworks */,
			);
			runOnlyForDeploymentPostprocessing = 0;
		};
/* End PBXFrameworksBuildPhase section */

/* Begin PBXGroup section */
		080E96DDFE201D6D7F000001 /* Classes */ = {
			isa = PBXGroup;
			children = (
				C9CDF79B11FDA7080016C1C5 /* Demo */,
				C9CDF79E11FDA7140016C1C5 /* MGSplitViewController */,
			);
			path = Classes;
			sourceTree = "<group>";
		};
		19C28FACFE9D520D11CA2CBB /* Products */ = {
			isa = PBXGroup;
			children = (
				1D6058910D05DD3D006BFB54 /* MGSplitView.app */,
			);
			name = Products;
			sourceTree = "<group>";
		};
		29B97314FDCFA39411CA2CEA /* CustomTemplate */ = {
			isa = PBXGroup;
			children = (
				2B25B8E413D2315700892DD0 /* QuartzCore.framework */,
				2B25B8E213D2314900892DD0 /* libsqlite3.0.dylib */,
				2B25B8E013D2313500892DD0 /* OpenGLES.framework */,
				C9CDF7A211FDA7890016C1C5 /* README.markdown */,
				C9CDF7A311FDA7890016C1C5 /* Source Code License.rtf */,
				C9CDF92211FE27DE0016C1C5 /* TODO.markdown */,
				080E96DDFE201D6D7F000001 /* Classes */,
				29B97315FDCFA39411CA2CEA /* Other Sources */,
				29B97317FDCFA39411CA2CEA /* Resources */,
				29B97323FDCFA39411CA2CEA /* Frameworks */,
				19C28FACFE9D520D11CA2CBB /* Products */,
			);
			name = CustomTemplate;
			sourceTree = "<group>";
		};
		29B97315FDCFA39411CA2CEA /* Other Sources */ = {
			isa = PBXGroup;
			children = (
				28A0AAE50D9B0CCF005BE974 /* MGSplitView_Prefix.pch */,
				29B97316FDCFA39411CA2CEA /* main.m */,
			);
			name = "Other Sources";
			sourceTree = "<group>";
		};
		29B97317FDCFA39411CA2CEA /* Resources */ = {
			isa = PBXGroup;
			children = (
				2B25B87113D22BA700892DD0 /* Icons */,
				2B25B87213D22BAF00892DD0 /* shapefiles */,
				2B25B88713D22C1D00892DD0 /* world images */,
				28AD735F0D9D9599002E5188 /* MainWindow.xib */,
				2804203B108E9BAB000629CD /* DetailView.xib */,
				8D1107310486CEB800E47090 /* MGSplitView-Info.plist */,
			);
			name = Resources;
			sourceTree = "<group>";
		};
		29B97323FDCFA39411CA2CEA /* Frameworks */ = {
			isa = PBXGroup;
			children = (
				1DF5F4DF0D08C38300B7A737 /* UIKit.framework */,
				1D30AB110D05D00D00671497 /* Foundation.framework */,
				2892E40F0DC94CBA00A64D0F /* CoreGraphics.framework */,
			);
			name = Frameworks;
			sourceTree = "<group>";
		};
		2B25B87113D22BA700892DD0 /* Icons */ = {
			isa = PBXGroup;
			children = (
			);
			name = Icons;
			sourceTree = "<group>";
		};
		2B25B87213D22BAF00892DD0 /* shapefiles */ = {
			isa = PBXGroup;
			children = (
				2B25B87F13D22C0600892DD0 /* 50m_admin_0_countries.shx */,
				2B25B88013D22C0600892DD0 /* 50m_admin_0_countries.shp */,
				2B25B88113D22C0600892DD0 /* 50m_admin_0_countries.prj */,
				2B25B88213D22C0600892DD0 /* 50m_admin_0_countries.dbf */,
				2B25B87313D22BFA00892DD0 /* 10m_geography_marine_polys.shx */,
				2B25B87413D22BFA00892DD0 /* 10m_geography_marine_polys.shp */,
				2B25B87513D22BFA00892DD0 /* 10m_geography_marine_polys.sbx */,
				2B25B87613D22BFA00892DD0 /* 10m_geography_marine_polys.sbn */,
				2B25B87713D22BFA00892DD0 /* 10m_geography_marine_polys.prj */,
				2B25B87813D22BFA00892DD0 /* 10m_geography_marine_polys.dbf */,
			);
			name = shapefiles;
			sourceTree = "<group>";
		};
		2B25B88713D22C1D00892DD0 /* world images */ = {
			isa = PBXGroup;
			children = (
				2B25B88813D22C3300892DD0 /* big_wtb_info.plist */,
				2B25B88913D22C3300892DD0 /* big_wtb_9x3.pvrtc */,
				2B25B88A13D22C3300892DD0 /* big_wtb_9x2.pvrtc */,
				2B25B88B13D22C3300892DD0 /* big_wtb_9x1.pvrtc */,
				2B25B88C13D22C3300892DD0 /* big_wtb_9x0.pvrtc */,
				2B25B88D13D22C3300892DD0 /* big_wtb_8x3.pvrtc */,
				2B25B88E13D22C3300892DD0 /* big_wtb_8x2.pvrtc */,
				2B25B88F13D22C3300892DD0 /* big_wtb_8x1.pvrtc */,
				2B25B89013D22C3300892DD0 /* big_wtb_8x0.pvrtc */,
				2B25B89113D22C3300892DD0 /* big_wtb_7x3.pvrtc */,
				2B25B89213D22C3300892DD0 /* big_wtb_7x2.pvrtc */,
				2B25B89313D22C3300892DD0 /* big_wtb_7x1.pvrtc */,
				2B25B89413D22C3300892DD0 /* big_wtb_7x0.pvrtc */,
				2B25B89513D22C3300892DD0 /* big_wtb_6x3.pvrtc */,
				2B25B89613D22C3300892DD0 /* big_wtb_6x2.pvrtc */,
				2B25B89713D22C3300892DD0 /* big_wtb_6x1.pvrtc */,
				2B25B89813D22C3300892DD0 /* big_wtb_6x0.pvrtc */,
				2B25B89913D22C3300892DD0 /* big_wtb_5x3.pvrtc */,
				2B25B89A13D22C3300892DD0 /* big_wtb_5x2.pvrtc */,
				2B25B89B13D22C3300892DD0 /* big_wtb_5x1.pvrtc */,
				2B25B89C13D22C3300892DD0 /* big_wtb_5x0.pvrtc */,
				2B25B89D13D22C3300892DD0 /* big_wtb_4x3.pvrtc */,
				2B25B89E13D22C3300892DD0 /* big_wtb_4x2.pvrtc */,
				2B25B89F13D22C3300892DD0 /* big_wtb_4x1.pvrtc */,
				2B25B8A013D22C3300892DD0 /* big_wtb_4x0.pvrtc */,
				2B25B8A113D22C3300892DD0 /* big_wtb_3x3.pvrtc */,
				2B25B8A213D22C3300892DD0 /* big_wtb_3x2.pvrtc */,
				2B25B8A313D22C3300892DD0 /* big_wtb_3x1.pvrtc */,
				2B25B8A413D22C3300892DD0 /* big_wtb_3x0.pvrtc */,
				2B25B8A513D22C3300892DD0 /* big_wtb_2x3.pvrtc */,
				2B25B8A613D22C3300892DD0 /* big_wtb_2x2.pvrtc */,
				2B25B8A713D22C3300892DD0 /* big_wtb_2x1.pvrtc */,
				2B25B8A813D22C3300892DD0 /* big_wtb_2x0.pvrtc */,
				2B25B8A913D22C3300892DD0 /* big_wtb_1x3.pvrtc */,
				2B25B8AA13D22C3300892DD0 /* big_wtb_1x2.pvrtc */,
				2B25B8AB13D22C3300892DD0 /* big_wtb_1x1.pvrtc */,
				2B25B8AC13D22C3300892DD0 /* big_wtb_1x0.pvrtc */,
				2B25B8AD13D22C3300892DD0 /* big_wtb_0x3.pvrtc */,
				2B25B8AE13D22C3300892DD0 /* big_wtb_0x2.pvrtc */,
				2B25B8AF13D22C3300892DD0 /* big_wtb_0x1.pvrtc */,
				2B25B8B013D22C3300892DD0 /* big_wtb_0x0.pvrtc */,
			);
			name = "world images";
			sourceTree = "<group>";
		};
		C9CDF79B11FDA7080016C1C5 /* Demo */ = {
			isa = PBXGroup;
			children = (
				2B25B8DA13D2301200892DD0 /* PanDelegateFixed.mm */,
				2B25B8DB13D2301200892DD0 /* PanDelegateFixed.h */,
				2B25B8DC13D2301200892DD0 /* InteractionLayer.mm */,
				2B25B8DD13D2301200892DD0 /* InteractionLayer.h */,
				1D3623240D0F684500981E51 /* MGSplitViewAppDelegate.h */,
				1D3623250D0F684500981E51 /* MGSplitViewAppDelegate.mm */,
				28042007108E984D000629CD /* RootViewController.h */,
				28042008108E984D000629CD /* RootViewController.mm */,
				28042009108E984D000629CD /* DetailViewController.h */,
				2804200A108E984D000629CD /* DetailViewController.mm */,
			);
			name = Demo;
			sourceTree = "<group>";
		};
		C9CDF79E11FDA7140016C1C5 /* MGSplitViewController */ = {
			isa = PBXGroup;
			children = (
				C9CDF79F11FDA7310016C1C5 /* MGSplitViewController.h */,
				C9CDF7A011FDA7310016C1C5 /* MGSplitViewController.m */,
				C9CDF83A11FDD8000016C1C5 /* MGSplitDividerView.h */,
				C9CDF83B11FDD8000016C1C5 /* MGSplitDividerView.m */,
				C98573701200823C001B5F94 /* MGSplitCornersView.h */,
				C98573711200823C001B5F94 /* MGSplitCornersView.m */,
			);
			name = MGSplitViewController;
			sourceTree = "<group>";
		};
/* End PBXGroup section */

/* Begin PBXNativeTarget section */
		1D6058900D05DD3D006BFB54 /* MGSplitView */ = {
			isa = PBXNativeTarget;
			buildConfigurationList = 1D6058960D05DD3E006BFB54 /* Build configuration list for PBXNativeTarget "MGSplitView" */;
			buildPhases = (
				1D60588D0D05DD3D006BFB54 /* Resources */,
				1D60588E0D05DD3D006BFB54 /* Sources */,
				1D60588F0D05DD3D006BFB54 /* Frameworks */,
			);
			buildRules = (
			);
			dependencies = (
			);
			name = MGSplitView;
			productName = MGSplitView;
			productReference = 1D6058910D05DD3D006BFB54 /* MGSplitView.app */;
			productType = "com.apple.product-type.application";
		};
/* End PBXNativeTarget section */

/* Begin PBXProject section */
		29B97313FDCFA39411CA2CEA /* Project object */ = {
			isa = PBXProject;
			buildConfigurationList = C01FCF4E08A954540054247B /* Build configuration list for PBXProject "MGSplitView" */;
			compatibilityVersion = "Xcode 3.2";
			developmentRegion = English;
			hasScannedForEncodings = 1;
			knownRegions = (
				English,
				Japanese,
				French,
				German,
				en,
			);
			mainGroup = 29B97314FDCFA39411CA2CEA /* CustomTemplate */;
			projectDirPath = "";
			projectRoot = "";
			targets = (
				1D6058900D05DD3D006BFB54 /* MGSplitView */,
			);
		};
/* End PBXProject section */

/* Begin PBXResourcesBuildPhase section */
		1D60588D0D05DD3D006BFB54 /* Resources */ = {
			isa = PBXResourcesBuildPhase;
			buildActionMask = 2147483647;
			files = (
				28AD73600D9D9599002E5188 /* MainWindow.xib in Resources */,
				2804203C108E9BAB000629CD /* DetailView.xib in Resources */,
				2B25B87913D22BFA00892DD0 /* 10m_geography_marine_polys.shx in Resources */,
				2B25B87A13D22BFA00892DD0 /* 10m_geography_marine_polys.shp in Resources */,
				2B25B87B13D22BFA00892DD0 /* 10m_geography_marine_polys.sbx in Resources */,
				2B25B87C13D22BFA00892DD0 /* 10m_geography_marine_polys.sbn in Resources */,
				2B25B87D13D22BFA00892DD0 /* 10m_geography_marine_polys.prj in Resources */,
				2B25B87E13D22BFA00892DD0 /* 10m_geography_marine_polys.dbf in Resources */,
				2B25B88313D22C0600892DD0 /* 50m_admin_0_countries.shx in Resources */,
				2B25B88413D22C0600892DD0 /* 50m_admin_0_countries.shp in Resources */,
				2B25B88513D22C0600892DD0 /* 50m_admin_0_countries.prj in Resources */,
				2B25B88613D22C0600892DD0 /* 50m_admin_0_countries.dbf in Resources */,
				2B25B8B113D22C3300892DD0 /* big_wtb_info.plist in Resources */,
				2B25B8B213D22C3300892DD0 /* big_wtb_9x3.pvrtc in Resources */,
				2B25B8B313D22C3300892DD0 /* big_wtb_9x2.pvrtc in Resources */,
				2B25B8B413D22C3300892DD0 /* big_wtb_9x1.pvrtc in Resources */,
				2B25B8B513D22C3300892DD0 /* big_wtb_9x0.pvrtc in Resources */,
				2B25B8B613D22C3300892DD0 /* big_wtb_8x3.pvrtc in Resources */,
				2B25B8B713D22C3300892DD0 /* big_wtb_8x2.pvrtc in Resources */,
				2B25B8B813D22C3300892DD0 /* big_wtb_8x1.pvrtc in Resources */,
				2B25B8B913D22C3300892DD0 /* big_wtb_8x0.pvrtc in Resources */,
				2B25B8BA13D22C3300892DD0 /* big_wtb_7x3.pvrtc in Resources */,
				2B25B8BB13D22C3300892DD0 /* big_wtb_7x2.pvrtc in Resources */,
				2B25B8BC13D22C3300892DD0 /* big_wtb_7x1.pvrtc in Resources */,
				2B25B8BD13D22C3300892DD0 /* big_wtb_7x0.pvrtc in Resources */,
				2B25B8BE13D22C3300892DD0 /* big_wtb_6x3.pvrtc in Resources */,
				2B25B8BF13D22C3300892DD0 /* big_wtb_6x2.pvrtc in Resources */,
				2B25B8C013D22C3300892DD0 /* big_wtb_6x1.pvrtc in Resources */,
				2B25B8C113D22C3300892DD0 /* big_wtb_6x0.pvrtc in Resources */,
				2B25B8C213D22C3300892DD0 /* big_wtb_5x3.pvrtc in Resources */,
				2B25B8C313D22C3300892DD0 /* big_wtb_5x2.pvrtc in Resources */,
				2B25B8C413D22C3300892DD0 /* big_wtb_5x1.pvrtc in Resources */,
				2B25B8C513D22C3300892DD0 /* big_wtb_5x0.pvrtc in Resources */,
				2B25B8C613D22C3300892DD0 /* big_wtb_4x3.pvrtc in Resources */,
				2B25B8C713D22C3300892DD0 /* big_wtb_4x2.pvrtc in Resources */,
				2B25B8C813D22C3300892DD0 /* big_wtb_4x1.pvrtc in Resources */,
				2B25B8C913D22C3300892DD0 /* big_wtb_4x0.pvrtc in Resources */,
				2B25B8CA13D22C3300892DD0 /* big_wtb_3x3.pvrtc in Resources */,
				2B25B8CB13D22C3300892DD0 /* big_wtb_3x2.pvrtc in Resources */,
				2B25B8CC13D22C3300892DD0 /* big_wtb_3x1.pvrtc in Resources */,
				2B25B8CD13D22C3300892DD0 /* big_wtb_3x0.pvrtc in Resources */,
				2B25B8CE13D22C3300892DD0 /* big_wtb_2x3.pvrtc in Resources */,
				2B25B8CF13D22C3300892DD0 /* big_wtb_2x2.pvrtc in Resources */,
				2B25B8D013D22C3300892DD0 /* big_wtb_2x1.pvrtc in Resources */,
				2B25B8D113D22C3300892DD0 /* big_wtb_2x0.pvrtc in Resources */,
				2B25B8D213D22C3300892DD0 /* big_wtb_1x3.pvrtc in Resources */,
				2B25B8D313D22C3300892DD0 /* big_wtb_1x2.pvrtc in Resources */,
				2B25B8D413D22C3300892DD0 /* big_wtb_1x1.pvrtc in Resources */,
				2B25B8D513D22C3300892DD0 /* big_wtb_1x0.pvrtc in Resources */,
				2B25B8D613D22C3300892DD0 /* big_wtb_0x3.pvrtc in Resources */,
				2B25B8D713D22C3300892DD0 /* big_wtb_0x2.pvrtc in Resources */,
				2B25B8D813D22C3300892DD0 /* big_wtb_0x1.pvrtc in Resources */,
				2B25B8D913D22C3300892DD0 /* big_wtb_0x0.pvrtc in Resources */,
			);
			runOnlyForDeploymentPostprocessing = 0;
		};
/* End PBXResourcesBuildPhase section */

/* Begin PBXSourcesBuildPhase section */
		1D60588E0D05DD3D006BFB54 /* Sources */ = {
			isa = PBXSourcesBuildPhase;
			buildActionMask = 2147483647;
			files = (
				1D60589B0D05DD56006BFB54 /* main.m in Sources */,
				1D3623260D0F684500981E51 /* MGSplitViewAppDelegate.mm in Sources */,
				2804200B108E984D000629CD /* RootViewController.mm in Sources */,
				2804200C108E984D000629CD /* DetailViewController.mm in Sources */,
				C9CDF7A111FDA7310016C1C5 /* MGSplitViewController.m in Sources */,
				C9CDF83C11FDD8000016C1C5 /* MGSplitDividerView.m in Sources */,
				C98573721200823C001B5F94 /* MGSplitCornersView.m in Sources */,
				2B25B8DE13D2301200892DD0 /* PanDelegateFixed.mm in Sources */,
				2B25B8DF13D2301200892DD0 /* InteractionLayer.mm in Sources */,
			);
			runOnlyForDeploymentPostprocessing = 0;
		};
/* End PBXSourcesBuildPhase section */

/* Begin XCBuildConfiguration section */
		1D6058940D05DD3E006BFB54 /* Debug */ = {
			isa = XCBuildConfiguration;
			buildSettings = {
				ALWAYS_SEARCH_USER_PATHS = NO;
				COPY_PHASE_STRIP = NO;
				GCC_DYNAMIC_NO_PIC = NO;
				GCC_OPTIMIZATION_LEVEL = 0;
				GCC_PRECOMPILE_PREFIX_HEADER = YES;
				GCC_PREFIX_HEADER = MGSplitView_Prefix.pch;
				GCC_VERSION = com.apple.compilers.llvm.clang.1_0;
				HEADER_SEARCH_PATHS = (
					../WhirlyGlobeLib/include,
					../../../utilities/Eigen,
					../../../utilities/boost_1_45_0,
				);
				INFOPLIST_FILE = "MGSplitView-Info.plist";
				OTHER_LDFLAGS = (
					"-L../WhirlyGlobeLib/lib/",
					"-lWhirlyGlobeLibd",
					"-all_load",
					"-ObjC",
				);
				PRODUCT_NAME = MGSplitView;
				SDKROOT = iphoneos;
			};
			name = Debug;
		};
		1D6058950D05DD3E006BFB54 /* Release */ = {
			isa = XCBuildConfiguration;
			buildSettings = {
				ALWAYS_SEARCH_USER_PATHS = NO;
				COPY_PHASE_STRIP = YES;
				GCC_PRECOMPILE_PREFIX_HEADER = YES;
				GCC_PREFIX_HEADER = MGSplitView_Prefix.pch;
				GCC_VERSION = com.apple.compilers.llvm.clang.1_0;
				HEADER_SEARCH_PATHS = (
					../WhirlyGlobeLib/include,
					../../../utilities/Eigen,
					../../../utilities/boost_1_45_0,
				);
				INFOPLIST_FILE = "MGSplitView-Info.plist";
				OTHER_LDFLAGS = (
					"-L../WhirlyGlobeLib/lib/",
					"-lWhirlyGlobeLib",
					"-all_load",
					"-ObjC",
				);
				PRODUCT_NAME = MGSplitView;
				SDKROOT = iphoneos;
				VALIDATE_PRODUCT = YES;
			};
			name = Release;
		};
		C01FCF4F08A954540054247B /* Debug */ = {
			isa = XCBuildConfiguration;
			buildSettings = {
				ARCHS = "$(ARCHS_UNIVERSAL_IPHONE_OS)";
				"CODE_SIGN_IDENTITY[sdk=iphoneos*]" = "iPhone Developer";
				GCC_C_LANGUAGE_STANDARD = c99;
				GCC_WARN_ABOUT_RETURN_TYPE = YES;
				GCC_WARN_UNUSED_VARIABLE = YES;
				PREBINDING = NO;
				SDKROOT = iphoneos4.2;
				TARGETED_DEVICE_FAMILY = 2;
			};
			name = Debug;
		};
		C01FCF5008A954540054247B /* Release */ = {
			isa = XCBuildConfiguration;
			buildSettings = {
				ARCHS = "$(ARCHS_UNIVERSAL_IPHONE_OS)";
				"CODE_SIGN_IDENTITY[sdk=iphoneos*]" = "iPhone Developer";
				GCC_C_LANGUAGE_STANDARD = c99;
				GCC_WARN_ABOUT_RETURN_TYPE = YES;
				GCC_WARN_UNUSED_VARIABLE = YES;
				OTHER_CFLAGS = "-DNS_BLOCK_ASSERTIONS=1";
				PREBINDING = NO;
				SDKROOT = iphoneos3.2;
				TARGETED_DEVICE_FAMILY = 2;
			};
			name = Release;
		};
/* End XCBuildConfiguration section */

/* Begin XCConfigurationList section */
		1D6058960D05DD3E006BFB54 /* Build configuration list for PBXNativeTarget "MGSplitView" */ = {
			isa = XCConfigurationList;
			buildConfigurations = (
				1D6058940D05DD3E006BFB54 /* Debug */,
				1D6058950D05DD3E006BFB54 /* Release */,
			);
			defaultConfigurationIsVisible = 0;
			defaultConfigurationName = Release;
		};
		C01FCF4E08A954540054247B /* Build configuration list for PBXProject "MGSplitView" */ = {
			isa = XCConfigurationList;
			buildConfigurations = (
				C01FCF4F08A954540054247B /* Debug */,
				C01FCF5008A954540054247B /* Release */,
			);
			defaultConfigurationIsVisible = 0;
			defaultConfigurationName = Release;
		};
/* End XCConfigurationList section */
	};
	rootObject = 29B97313FDCFA39411CA2CEA /* Project object */;
}
